// !$*UTF8*$!
{
	archiveVersion = 1;
	classes = {
	};
	objectVersion = 50;
	objects = {

/* Begin PBXBuildFile section */
		0411E7AE20DECD4F007AF23B /* CurrentData.swift in Sources */ = {isa = PBXBuildFile; fileRef = 0411E7AD20DECD4F007AF23B /* CurrentData.swift */; };
		04EA420220DD6F2800D86570 /* AppDelegate.swift in Sources */ = {isa = PBXBuildFile; fileRef = 04EA420120DD6F2800D86570 /* AppDelegate.swift */; };
		04EA420420DD6F2800D86570 /* ViewController.swift in Sources */ = {isa = PBXBuildFile; fileRef = 04EA420320DD6F2800D86570 /* ViewController.swift */; };
		04EA420720DD6F2800D86570 /* Main.storyboard in Resources */ = {isa = PBXBuildFile; fileRef = 04EA420520DD6F2800D86570 /* Main.storyboard */; };
		04EA420920DD6F2A00D86570 /* Assets.xcassets in Resources */ = {isa = PBXBuildFile; fileRef = 04EA420820DD6F2A00D86570 /* Assets.xcassets */; };
		04EA420C20DD6F2A00D86570 /* LaunchScreen.storyboard in Resources */ = {isa = PBXBuildFile; fileRef = 04EA420A20DD6F2A00D86570 /* LaunchScreen.storyboard */; };
		04EA421420DD6F4100D86570 /* APIManager.swift in Sources */ = {isa = PBXBuildFile; fileRef = 04EA421320DD6F4100D86570 /* APIManager.swift */; };
		04EA421620DD733100D86570 /* ErrorManager.swift in Sources */ = {isa = PBXBuildFile; fileRef = 04EA421520DD733100D86570 /* ErrorManager.swift */; };
		04EA421920DD7ADB00D86570 /* APICrimeData.swift in Sources */ = {isa = PBXBuildFile; fileRef = 04EA421820DD7ADB00D86570 /* APICrimeData.swift */; };
/* End PBXBuildFile section */

/* Begin PBXFileReference section */
		0411E7AD20DECD4F007AF23B /* CurrentData.swift */ = {isa = PBXFileReference; lastKnownFileType = sourcecode.swift; path = CurrentData.swift; sourceTree = "<group>"; };
		04EA41FE20DD6F2800D86570 /* API-project.app */ = {isa = PBXFileReference; explicitFileType = wrapper.application; includeInIndex = 0; path = "API-project.app"; sourceTree = BUILT_PRODUCTS_DIR; };
		04EA420120DD6F2800D86570 /* AppDelegate.swift */ = {isa = PBXFileReference; lastKnownFileType = sourcecode.swift; path = AppDelegate.swift; sourceTree = "<group>"; };
		04EA420320DD6F2800D86570 /* ViewController.swift */ = {isa = PBXFileReference; lastKnownFileType = sourcecode.swift; path = ViewController.swift; sourceTree = "<group>"; };
		04EA420620DD6F2800D86570 /* Base */ = {isa = PBXFileReference; lastKnownFileType = file.storyboard; name = Base; path = Base.lproj/Main.storyboard; sourceTree = "<group>"; };
		04EA420820DD6F2A00D86570 /* Assets.xcassets */ = {isa = PBXFileReference; lastKnownFileType = folder.assetcatalog; path = Assets.xcassets; sourceTree = "<group>"; };
		04EA420B20DD6F2A00D86570 /* Base */ = {isa = PBXFileReference; lastKnownFileType = file.storyboard; name = Base; path = Base.lproj/LaunchScreen.storyboard; sourceTree = "<group>"; };
		04EA420D20DD6F2A00D86570 /* Info.plist */ = {isa = PBXFileReference; lastKnownFileType = text.plist.xml; path = Info.plist; sourceTree = "<group>"; };
		04EA421320DD6F4100D86570 /* APIManager.swift */ = {isa = PBXFileReference; lastKnownFileType = sourcecode.swift; path = APIManager.swift; sourceTree = "<group>"; };
		04EA421520DD733100D86570 /* ErrorManager.swift */ = {isa = PBXFileReference; lastKnownFileType = sourcecode.swift; path = ErrorManager.swift; sourceTree = "<group>"; };
		04EA421820DD7ADB00D86570 /* APICrimeData.swift */ = {isa = PBXFileReference; lastKnownFileType = sourcecode.swift; path = APICrimeData.swift; sourceTree = "<group>"; };
/* End PBXFileReference section */

/* Begin PBXFrameworksBuildPhase section */
		04EA41FB20DD6F2800D86570 /* Frameworks */ = {
			isa = PBXFrameworksBuildPhase;
			buildActionMask = 2147483647;
			files = (
			);
			runOnlyForDeploymentPostprocessing = 0;
		};
/* End PBXFrameworksBuildPhase section */

/* Begin PBXGroup section */
		04EA41F520DD6F2800D86570 = {
			isa = PBXGroup;
			children = (
				04EA420020DD6F2800D86570 /* API-project */,
				04EA41FF20DD6F2800D86570 /* Products */,
			);
			sourceTree = "<group>";
		};
		04EA41FF20DD6F2800D86570 /* Products */ = {
			isa = PBXGroup;
			children = (
				04EA41FE20DD6F2800D86570 /* API-project.app */,
			);
			name = Products;
			sourceTree = "<group>";
		};
		04EA420020DD6F2800D86570 /* API-project */ = {
			isa = PBXGroup;
			children = (
				04EA420120DD6F2800D86570 /* AppDelegate.swift */,
				04EA420320DD6F2800D86570 /* ViewController.swift */,
				0411E7AD20DECD4F007AF23B /* CurrentData.swift */,
				04EA421720DD733C00D86570 /* Managers */,
				04EA420520DD6F2800D86570 /* Main.storyboard */,
				04EA420820DD6F2A00D86570 /* Assets.xcassets */,
				04EA420A20DD6F2A00D86570 /* LaunchScreen.storyboard */,
				04EA420D20DD6F2A00D86570 /* Info.plist */,
			);
			path = "API-project";
			sourceTree = "<group>";
		};
		04EA421720DD733C00D86570 /* Managers */ = {
			isa = PBXGroup;
			children = (
				04EA421320DD6F4100D86570 /* APIManager.swift */,
				04EA421820DD7ADB00D86570 /* APICrimeData.swift */,
				04EA421520DD733100D86570 /* ErrorManager.swift */,
			);
			path = Managers;
			sourceTree = "<group>";
		};
/* End PBXGroup section */

/* Begin PBXNativeTarget section */
		04EA41FD20DD6F2800D86570 /* API-project */ = {
			isa = PBXNativeTarget;
			buildConfigurationList = 04EA421020DD6F2A00D86570 /* Build configuration list for PBXNativeTarget "API-project" */;
			buildPhases = (
				04EA41FA20DD6F2800D86570 /* Sources */,
				04EA41FB20DD6F2800D86570 /* Frameworks */,
				04EA41FC20DD6F2800D86570 /* Resources */,
			);
			buildRules = (
			);
			dependencies = (
			);
			name = "API-project";
			productName = "API-project";
			productReference = 04EA41FE20DD6F2800D86570 /* API-project.app */;
			productType = "com.apple.product-type.application";
		};
/* End PBXNativeTarget section */

/* Begin PBXProject section */
		04EA41F620DD6F2800D86570 /* Project object */ = {
			isa = PBXProject;
			attributes = {
				LastSwiftUpdateCheck = 0930;
				LastUpgradeCheck = 0930;
				ORGANIZATIONNAME = testOrg;
				TargetAttributes = {
					04EA41FD20DD6F2800D86570 = {
						CreatedOnToolsVersion = 9.3;
					};
				};
			};
			buildConfigurationList = 04EA41F920DD6F2800D86570 /* Build configuration list for PBXProject "API-project" */;
			compatibilityVersion = "Xcode 9.3";
			developmentRegion = en;
			hasScannedForEncodings = 0;
			knownRegions = (
				en,
				Base,
			);
			mainGroup = 04EA41F520DD6F2800D86570;
			productRefGroup = 04EA41FF20DD6F2800D86570 /* Products */;
			projectDirPath = "";
			projectRoot = "";
			targets = (
				04EA41FD20DD6F2800D86570 /* API-project */,
			);
		};
/* End PBXProject section */

/* Begin PBXResourcesBuildPhase section */
		04EA41FC20DD6F2800D86570 /* Resources */ = {
			isa = PBXResourcesBuildPhase;
			buildActionMask = 2147483647;
			files = (
				04EA420C20DD6F2A00D86570 /* LaunchScreen.storyboard in Resources */,
				04EA420920DD6F2A00D86570 /* Assets.xcassets in Resources */,
				04EA420720DD6F2800D86570 /* Main.storyboard in Resources */,
			);
			runOnlyForDeploymentPostprocessing = 0;
		};
/* End PBXResourcesBuildPhase section */

/* Begin PBXSourcesBuildPhase section */
		04EA41FA20DD6F2800D86570 /* Sources */ = {
			isa = PBXSourcesBuildPhase;
			buildActionMask = 2147483647;
			files = (
				04EA421420DD6F4100D86570 /* APIManager.swift in Sources */,
				0411E7AE20DECD4F007AF23B /* CurrentData.swift in Sources */,
				04EA420420DD6F2800D86570 /* ViewController.swift in Sources */,
				04EA421620DD733100D86570 /* ErrorManager.swift in Sources */,
				04EA420220DD6F2800D86570 /* AppDelegate.swift in Sources */,
				04EA421920DD7ADB00D86570 /* APICrimeData.swift in Sources */,
			);
			runOnlyForDeploymentPostprocessing = 0;
		};
/* End PBXSourcesBuildPhase section */

/* Begin PBXVariantGroup section */
		04EA420520DD6F2800D86570 /* Main.storyboard */ = {
			isa = PBXVariantGroup;
			children = (
				04EA420620DD6F2800D86570 /* Base */,
			);
			name = Main.storyboard;
			sourceTree = "<group>";
		};
		04EA420A20DD6F2A00D86570 /* LaunchScreen.storyboard */ = {
			isa = PBXVariantGroup;
			children = (
				04EA420B20DD6F2A00D86570 /* Base */,
			);
			name = LaunchScreen.storyboard;
			sourceTree = "<group>";
		};
/* End PBXVariantGroup section */

/* Begin XCBuildConfiguration section */
		04EA420E20DD6F2A00D86570 /* Debug */ = {
			isa = XCBuildConfiguration;
			buildSettings = {
				ALWAYS_SEARCH_USER_PATHS = NO;
				CLANG_ANALYZER_NONNULL = YES;
				CLANG_ANALYZER_NUMBER_OBJECT_CONVERSION = YES_AGGRESSIVE;
				CLANG_CXX_LANGUAGE_STANDARD = "gnu++14";
				CLANG_CXX_LIBRARY = "libc++";
				CLANG_ENABLE_MODULES = YES;
				CLANG_ENABLE_OBJC_ARC = YES;
				CLANG_ENABLE_OBJC_WEAK = YES;
				CLANG_WARN_BLOCK_CAPTURE_AUTORELEASING = YES;
				CLANG_WARN_BOOL_CONVERSION = YES;
				CLANG_WARN_COMMA = YES;
				CLANG_WARN_CONSTANT_CONVERSION = YES;
				CLANG_WARN_DEPRECATED_OBJC_IMPLEMENTATIONS = YES;
				CLANG_WARN_DIRECT_OBJC_ISA_USAGE = YES_ERROR;
				CLANG_WARN_DOCUMENTATION_COMMENTS = YES;
				CLANG_WARN_EMPTY_BODY = YES;
				CLANG_WARN_ENUM_CONVERSION = YES;
				CLANG_WARN_INFINITE_RECURSION = YES;
				CLANG_WARN_INT_CONVERSION = YES;
				CLANG_WARN_NON_LITERAL_NULL_CONVERSION = YES;
				CLANG_WARN_OBJC_IMPLICIT_RETAIN_SELF = YES;
				CLANG_WARN_OBJC_LITERAL_CONVERSION = YES;
				CLANG_WARN_OBJC_ROOT_CLASS = YES_ERROR;
				CLANG_WARN_RANGE_LOOP_ANALYSIS = YES;
				CLANG_WARN_STRICT_PROTOTYPES = YES;
				CLANG_WARN_SUSPICIOUS_MOVE = YES;
				CLANG_WARN_UNGUARDED_AVAILABILITY = YES_AGGRESSIVE;
				CLANG_WARN_UNREACHABLE_CODE = YES;
				CLANG_WARN__DUPLICATE_METHOD_MATCH = YES;
				CODE_SIGN_IDENTITY = "iPhone Developer";
				COPY_PHASE_STRIP = NO;
				DEBUG_INFORMATION_FORMAT = dwarf;
				ENABLE_STRICT_OBJC_MSGSEND = YES;
				ENABLE_TESTABILITY = YES;
				GCC_C_LANGUAGE_STANDARD = gnu11;
				GCC_DYNAMIC_NO_PIC = NO;
				GCC_NO_COMMON_BLOCKS = YES;
				GCC_OPTIMIZATION_LEVEL = 0;
				GCC_PREPROCESSOR_DEFINITIONS = (
					"DEBUG=1",
					"$(inherited)",
				);
				GCC_WARN_64_TO_32_BIT_CONVERSION = YES;
				GCC_WARN_ABOUT_RETURN_TYPE = YES_ERROR;
				GCC_WARN_UNDECLARED_SELECTOR = YES;
				GCC_WARN_UNINITIALIZED_AUTOS = YES_AGGRESSIVE;
				GCC_WARN_UNUSED_FUNCTION = YES;
				GCC_WARN_UNUSED_VARIABLE = YES;
				IPHONEOS_DEPLOYMENT_TARGET = 11.3;
				MTL_ENABLE_DEBUG_INFO = YES;
				ONLY_ACTIVE_ARCH = YES;
				SDKROOT = iphoneos;
				SWIFT_ACTIVE_COMPILATION_CONDITIONS = DEBUG;
				SWIFT_OPTIMIZATION_LEVEL = "-Onone";
			};
			name = Debug;
		};
		04EA420F20DD6F2A00D86570 /* Release */ = {
			isa = XCBuildConfiguration;
			buildSettings = {
				ALWAYS_SEARCH_USER_PATHS = NO;
				CLANG_ANALYZER_NONNULL = YES;
				CLANG_ANALYZER_NUMBER_OBJECT_CONVERSION = YES_AGGRESSIVE;
				CLANG_CXX_LANGUAGE_STANDARD = "gnu++14";
				CLANG_CXX_LIBRARY = "libc++";
				CLANG_ENABLE_MODULES = YES;
				CLANG_ENABLE_OBJC_ARC = YES;
				CLANG_ENABLE_OBJC_WEAK = YES;
				CLANG_WARN_BLOCK_CAPTURE_AUTORELEASING = YES;
				CLANG_WARN_BOOL_CONVERSION = YES;
				CLANG_WARN_COMMA = YES;
				CLANG_WARN_CONSTANT_CONVERSION = YES;
				CLANG_WARN_DEPRECATED_OBJC_IMPLEMENTATIONS = YES;
				CLANG_WARN_DIRECT_OBJC_ISA_USAGE = YES_ERROR;
				CLANG_WARN_DOCUMENTATION_COMMENTS = YES;
				CLANG_WARN_EMPTY_BODY = YES;
				CLANG_WARN_ENUM_CONVERSION = YES;
				CLANG_WARN_INFINITE_RECURSION = YES;
				CLANG_WARN_INT_CONVERSION = YES;
				CLANG_WARN_NON_LITERAL_NULL_CONVERSION = YES;
				CLANG_WARN_OBJC_IMPLICIT_RETAIN_SELF = YES;
				CLANG_WARN_OBJC_LITERAL_CONVERSION = YES;
				CLANG_WARN_OBJC_ROOT_CLASS = YES_ERROR;
				CLANG_WARN_RANGE_LOOP_ANALYSIS = YES;
				CLANG_WARN_STRICT_PROTOTYPES = YES;
				CLANG_WARN_SUSPICIOUS_MOVE = YES;
				CLANG_WARN_UNGUARDED_AVAILABILITY = YES_AGGRESSIVE;
				CLANG_WARN_UNREACHABLE_CODE = YES;
				CLANG_WARN__DUPLICATE_METHOD_MATCH = YES;
				CODE_SIGN_IDENTITY = "iPhone Developer";
				COPY_PHASE_STRIP = NO;
				DEBUG_INFORMATION_FORMAT = "dwarf-with-dsym";
				ENABLE_NS_ASSERTIONS = NO;
				ENABLE_STRICT_OBJC_MSGSEND = YES;
				GCC_C_LANGUAGE_STANDARD = gnu11;
				GCC_NO_COMMON_BLOCKS = YES;
				GCC_WARN_64_TO_32_BIT_CONVERSION = YES;
				GCC_WARN_ABOUT_RETURN_TYPE = YES_ERROR;
				GCC_WARN_UNDECLARED_SELECTOR = YES;
				GCC_WARN_UNINITIALIZED_AUTOS = YES_AGGRESSIVE;
				GCC_WARN_UNUSED_FUNCTION = YES;
				GCC_WARN_UNUSED_VARIABLE = YES;
				IPHONEOS_DEPLOYMENT_TARGET = 11.3;
				MTL_ENABLE_DEBUG_INFO = NO;
				SDKROOT = iphoneos;
				SWIFT_COMPILATION_MODE = wholemodule;
				SWIFT_OPTIMIZATION_LEVEL = "-O";
				VALIDATE_PRODUCT = YES;
			};
			name = Release;
		};
		04EA421120DD6F2A00D86570 /* Debug */ = {
			isa = XCBuildConfiguration;
			buildSettings = {
				ASSETCATALOG_COMPILER_APPICON_NAME = AppIcon;
				CODE_SIGN_STYLE = Automatic;
				DEVELOPMENT_TEAM = T43MEX2BM7;
				INFOPLIST_FILE = "API-project/Info.plist";
				LD_RUNPATH_SEARCH_PATHS = (
					"$(inherited)",
					"@executable_path/Frameworks",
				);
				PRODUCT_BUNDLE_IDENTIFIER = "testid.API-project";
				PRODUCT_NAME = "$(TARGET_NAME)";
				SWIFT_VERSION = 4.0;
				TARGETED_DEVICE_FAMILY = "1,2";
			};
			name = Debug;
		};
		04EA421220DD6F2A00D86570 /* Release */ = {
			isa = XCBuildConfiguration;
			buildSettings = {
				ASSETCATALOG_COMPILER_APPICON_NAME = AppIcon;
				CODE_SIGN_STYLE = Automatic;
				DEVELOPMENT_TEAM = T43MEX2BM7;
				INFOPLIST_FILE = "API-project/Info.plist";
				LD_RUNPATH_SEARCH_PATHS = (
					"$(inherited)",
					"@executable_path/Frameworks",
				);
				PRODUCT_BUNDLE_IDENTIFIER = "testid.API-project";
				PRODUCT_NAME = "$(TARGET_NAME)";
				SWIFT_VERSION = 4.0;
				TARGETED_DEVICE_FAMILY = "1,2";
			};
			name = Release;
		};
/* End XCBuildConfiguration section */

/* Begin XCConfigurationList section */
		04EA41F920DD6F2800D86570 /* Build configuration list for PBXProject "API-project" */ = {
			isa = XCConfigurationList;
			buildConfigurations = (
				04EA420E20DD6F2A00D86570 /* Debug */,
				04EA420F20DD6F2A00D86570 /* Release */,
			);
			defaultConfigurationIsVisible = 0;
			defaultConfigurationName = Release;
		};
		04EA421020DD6F2A00D86570 /* Build configuration list for PBXNativeTarget "API-project" */ = {
			isa = XCConfigurationList;
			buildConfigurations = (
				04EA421120DD6F2A00D86570 /* Debug */,
				04EA421220DD6F2A00D86570 /* Release */,
			);
			defaultConfigurationIsVisible = 0;
			defaultConfigurationName = Release;
		};
/* End XCConfigurationList section */
	};
	rootObject = 04EA41F620DD6F2800D86570 /* Project object */;
}
